{
  "requires": true,
  "lockfileVersion": 1,
  "dependencies": {
    "@react-native-picker/picker": {
      "version": "1.9.7",
      "resolved": "https://registry.npmjs.org/@react-native-picker/picker/-/picker-1.9.7.tgz",
      "integrity": "sha512-hwIx1SiqryyYFRFj/3renuU+YhZKW07Mr4TDeMRLSaev6TWQR0IfuUfwQj3H4aBrPt86Vi3buSSuQq2mrU+iAw=="
    }
  }
}
